{
  "name": "ozon-product-design",
  "version": "1.0.0",
  "lockfileVersion": 3,
  "requires": true,
  "packages": {
    "": {
      "name": "ozon-product-design",
      "version": "1.0.0",
      "license": "UNLICENSED",
      "bin": {
        "ozon-product-design": "bin/cli.mjs"
      },
      "engines": {
        "node": ">=20"
      }
    }
  }
}
